// !$*UTF8*$!
{
	archiveVersion = 1;
	classes = {
	};
	objectVersion = 50;
	objects = {

/* Begin PBXBuildFile section */
		417C342D2376566800CFB746 /* AppDelegate.swift in Sources */ = {isa = PBXBuildFile; fileRef = 417C342C2376566800CFB746 /* AppDelegate.swift */; };
		417C34322376566800CFB746 /* Main.storyboard in Resources */ = {isa = PBXBuildFile; fileRef = 417C34302376566800CFB746 /* Main.storyboard */; };
		417C34342376566A00CFB746 /* Assets.xcassets in Resources */ = {isa = PBXBuildFile; fileRef = 417C34332376566A00CFB746 /* Assets.xcassets */; };
		417C34372376566A00CFB746 /* LaunchScreen.storyboard in Resources */ = {isa = PBXBuildFile; fileRef = 417C34352376566A00CFB746 /* LaunchScreen.storyboard */; };
		417C3443237678C700CFB746 /* MostPopularArticlesApi.swift in Sources */ = {isa = PBXBuildFile; fileRef = 417C3440237678C700CFB746 /* MostPopularArticlesApi.swift */; };
		417C3444237678C700CFB746 /* Constants.swift in Sources */ = {isa = PBXBuildFile; fileRef = 417C3441237678C700CFB746 /* Constants.swift */; };
		417C3445237678C700CFB746 /* ApiManager.swift in Sources */ = {isa = PBXBuildFile; fileRef = 417C3442237678C700CFB746 /* ApiManager.swift */; };
		41B598C02376845E0017DB3D /* Article.swift in Sources */ = {isa = PBXBuildFile; fileRef = 41B598BF2376845E0017DB3D /* Article.swift */; };
		41B598C3237685B30017DB3D /* ArticleTableViewCell.swift in Sources */ = {isa = PBXBuildFile; fileRef = 41B598C1237685B30017DB3D /* ArticleTableViewCell.swift */; };
		41B598C4237685B30017DB3D /* ArticleTableViewCell.xib in Resources */ = {isa = PBXBuildFile; fileRef = 41B598C2237685B30017DB3D /* ArticleTableViewCell.xib */; };
		41B598C6237685CA0017DB3D /* ArticleViewModel.swift in Sources */ = {isa = PBXBuildFile; fileRef = 41B598C5237685CA0017DB3D /* ArticleViewModel.swift */; };
		41B598C923768E5A0017DB3D /* ArticlesMasterViewController.swift in Sources */ = {isa = PBXBuildFile; fileRef = 41B598C723768E5A0017DB3D /* ArticlesMasterViewController.swift */; };
		41B598CA23768E5A0017DB3D /* ArticleDetailsViewController.swift in Sources */ = {isa = PBXBuildFile; fileRef = 41B598C823768E5A0017DB3D /* ArticleDetailsViewController.swift */; };
		41B598D02376A9880017DB3D /* Extensions.swift in Sources */ = {isa = PBXBuildFile; fileRef = 41B598CF2376A9880017DB3D /* Extensions.swift */; };
		BE76ACE9452A7F51874E4695 /* Pods_NewYork_Time_Demo.framework in Frameworks */ = {isa = PBXBuildFile; fileRef = 700D9B866024145192680528 /* Pods_NewYork_Time_Demo.framework */; };
/* End PBXBuildFile section */

/* Begin PBXFileReference section */
		417C34292376566800CFB746 /* NewYork Time Demo.app */ = {isa = PBXFileReference; explicitFileType = wrapper.application; includeInIndex = 0; path = "NewYork Time Demo.app"; sourceTree = BUILT_PRODUCTS_DIR; };
		417C342C2376566800CFB746 /* AppDelegate.swift */ = {isa = PBXFileReference; lastKnownFileType = sourcecode.swift; path = AppDelegate.swift; sourceTree = "<group>"; };
		417C34312376566800CFB746 /* Base */ = {isa = PBXFileReference; lastKnownFileType = file.storyboard; name = Base; path = Base.lproj/Main.storyboard; sourceTree = "<group>"; };
		417C34332376566A00CFB746 /* Assets.xcassets */ = {isa = PBXFileReference; lastKnownFileType = folder.assetcatalog; path = Assets.xcassets; sourceTree = "<group>"; };
		417C34362376566A00CFB746 /* Base */ = {isa = PBXFileReference; lastKnownFileType = file.storyboard; name = Base; path = Base.lproj/LaunchScreen.storyboard; sourceTree = "<group>"; };
		417C34382376566A00CFB746 /* Info.plist */ = {isa = PBXFileReference; lastKnownFileType = text.plist.xml; path = Info.plist; sourceTree = "<group>"; };
		417C3440237678C700CFB746 /* MostPopularArticlesApi.swift */ = {isa = PBXFileReference; fileEncoding = 4; lastKnownFileType = sourcecode.swift; path = MostPopularArticlesApi.swift; sourceTree = "<group>"; };
		417C3441237678C700CFB746 /* Constants.swift */ = {isa = PBXFileReference; fileEncoding = 4; lastKnownFileType = sourcecode.swift; path = Constants.swift; sourceTree = "<group>"; };
		417C3442237678C700CFB746 /* ApiManager.swift */ = {isa = PBXFileReference; fileEncoding = 4; lastKnownFileType = sourcecode.swift; path = ApiManager.swift; sourceTree = "<group>"; };
		41B598BF2376845E0017DB3D /* Article.swift */ = {isa = PBXFileReference; fileEncoding = 4; lastKnownFileType = sourcecode.swift; path = Article.swift; sourceTree = "<group>"; };
		41B598C1237685B30017DB3D /* ArticleTableViewCell.swift */ = {isa = PBXFileReference; fileEncoding = 4; lastKnownFileType = sourcecode.swift; path = ArticleTableViewCell.swift; sourceTree = "<group>"; };
		41B598C2237685B30017DB3D /* ArticleTableViewCell.xib */ = {isa = PBXFileReference; fileEncoding = 4; lastKnownFileType = file.xib; path = ArticleTableViewCell.xib; sourceTree = "<group>"; };
		41B598C5237685CA0017DB3D /* ArticleViewModel.swift */ = {isa = PBXFileReference; fileEncoding = 4; lastKnownFileType = sourcecode.swift; path = ArticleViewModel.swift; sourceTree = "<group>"; };
		41B598C723768E5A0017DB3D /* ArticlesMasterViewController.swift */ = {isa = PBXFileReference; fileEncoding = 4; lastKnownFileType = sourcecode.swift; path = ArticlesMasterViewController.swift; sourceTree = "<group>"; };
		41B598C823768E5A0017DB3D /* ArticleDetailsViewController.swift */ = {isa = PBXFileReference; fileEncoding = 4; lastKnownFileType = sourcecode.swift; path = ArticleDetailsViewController.swift; sourceTree = "<group>"; };
		41B598CC2376919A0017DB3D /* NewYork Time Demo-Bridging-Header.h */ = {isa = PBXFileReference; lastKnownFileType = sourcecode.c.h; path = "NewYork Time Demo-Bridging-Header.h"; sourceTree = "<group>"; };
		41B598CF2376A9880017DB3D /* Extensions.swift */ = {isa = PBXFileReference; lastKnownFileType = sourcecode.swift; path = Extensions.swift; sourceTree = "<group>"; };
		700D9B866024145192680528 /* Pods_NewYork_Time_Demo.framework */ = {isa = PBXFileReference; explicitFileType = wrapper.framework; includeInIndex = 0; path = Pods_NewYork_Time_Demo.framework; sourceTree = BUILT_PRODUCTS_DIR; };
		98F979907613D5EDC58DA76B /* Pods-NewYork Time Demo.debug.xcconfig */ = {isa = PBXFileReference; includeInIndex = 1; lastKnownFileType = text.xcconfig; name = "Pods-NewYork Time Demo.debug.xcconfig"; path = "Pods/Target Support Files/Pods-NewYork Time Demo/Pods-NewYork Time Demo.debug.xcconfig"; sourceTree = "<group>"; };
		FD8EB3D66645620691872E55 /* Pods-NewYork Time Demo.release.xcconfig */ = {isa = PBXFileReference; includeInIndex = 1; lastKnownFileType = text.xcconfig; name = "Pods-NewYork Time Demo.release.xcconfig"; path = "Pods/Target Support Files/Pods-NewYork Time Demo/Pods-NewYork Time Demo.release.xcconfig"; sourceTree = "<group>"; };
/* End PBXFileReference section */

/* Begin PBXFrameworksBuildPhase section */
		417C34262376566800CFB746 /* Frameworks */ = {
			isa = PBXFrameworksBuildPhase;
			buildActionMask = 2147483647;
			files = (
				BE76ACE9452A7F51874E4695 /* Pods_NewYork_Time_Demo.framework in Frameworks */,
			);
			runOnlyForDeploymentPostprocessing = 0;
		};
/* End PBXFrameworksBuildPhase section */

/* Begin PBXGroup section */
		3356152B8EC94E92276F53FF /* Pods */ = {
			isa = PBXGroup;
			children = (
				98F979907613D5EDC58DA76B /* Pods-NewYork Time Demo.debug.xcconfig */,
				FD8EB3D66645620691872E55 /* Pods-NewYork Time Demo.release.xcconfig */,
			);
			name = Pods;
			sourceTree = "<group>";
		};
		417C34202376566800CFB746 = {
			isa = PBXGroup;
			children = (
				41B598D52376ADBD0017DB3D /* Utility */,
				41B598D42376AD8E0017DB3D /* APIData */,
				41B598D32376AD850017DB3D /* ViewModel */,
				41B598D22376AD7D0017DB3D /* View */,
				41B598D12376AD740017DB3D /* Model */,
				417C342B2376566800CFB746 /* NewYork Time Demo */,
				417C342A2376566800CFB746 /* Products */,
				3356152B8EC94E92276F53FF /* Pods */,
				CE6F70D205416E7C651266E8 /* Frameworks */,
			);
			sourceTree = "<group>";
		};
		417C342A2376566800CFB746 /* Products */ = {
			isa = PBXGroup;
			children = (
				417C34292376566800CFB746 /* NewYork Time Demo.app */,
			);
			name = Products;
			sourceTree = "<group>";
		};
		417C342B2376566800CFB746 /* NewYork Time Demo */ = {
			isa = PBXGroup;
			children = (
				417C342C2376566800CFB746 /* AppDelegate.swift */,
				417C34302376566800CFB746 /* Main.storyboard */,
				417C34332376566A00CFB746 /* Assets.xcassets */,
				417C34352376566A00CFB746 /* LaunchScreen.storyboard */,
				417C34382376566A00CFB746 /* Info.plist */,
				41B598CC2376919A0017DB3D /* NewYork Time Demo-Bridging-Header.h */,
			);
			path = "NewYork Time Demo";
			sourceTree = "<group>";
		};
		41B598D12376AD740017DB3D /* Model */ = {
			isa = PBXGroup;
			children = (
				41B598BF2376845E0017DB3D /* Article.swift */,
			);
			path = Model;
			sourceTree = "<group>";
		};
		41B598D22376AD7D0017DB3D /* View */ = {
			isa = PBXGroup;
			children = (
				41B598C823768E5A0017DB3D /* ArticleDetailsViewController.swift */,
				41B598C723768E5A0017DB3D /* ArticlesMasterViewController.swift */,
				41B598C1237685B30017DB3D /* ArticleTableViewCell.swift */,
				41B598C2237685B30017DB3D /* ArticleTableViewCell.xib */,
			);
			path = View;
			sourceTree = "<group>";
		};
		41B598D32376AD850017DB3D /* ViewModel */ = {
			isa = PBXGroup;
			children = (
				41B598C5237685CA0017DB3D /* ArticleViewModel.swift */,
			);
			path = ViewModel;
			sourceTree = "<group>";
		};
		41B598D42376AD8E0017DB3D /* APIData */ = {
			isa = PBXGroup;
			children = (
				417C3442237678C700CFB746 /* ApiManager.swift */,
				417C3441237678C700CFB746 /* Constants.swift */,
				417C3440237678C700CFB746 /* MostPopularArticlesApi.swift */,
			);
			path = APIData;
			sourceTree = "<group>";
		};
		41B598D52376ADBD0017DB3D /* Utility */ = {
			isa = PBXGroup;
			children = (
				41B598CF2376A9880017DB3D /* Extensions.swift */,
			);
			path = Utility;
			sourceTree = "<group>";
		};
		CE6F70D205416E7C651266E8 /* Frameworks */ = {
			isa = PBXGroup;
			children = (
				700D9B866024145192680528 /* Pods_NewYork_Time_Demo.framework */,
			);
			name = Frameworks;
			sourceTree = "<group>";
		};
/* End PBXGroup section */

/* Begin PBXNativeTarget section */
		417C34282376566800CFB746 /* NewYork Time Demo */ = {
			isa = PBXNativeTarget;
			buildConfigurationList = 417C343B2376566A00CFB746 /* Build configuration list for PBXNativeTarget "NewYork Time Demo" */;
			buildPhases = (
				2D66E0481AEF8EA674E1FFE2 /* [CP] Check Pods Manifest.lock */,
				417C34252376566800CFB746 /* Sources */,
				417C34262376566800CFB746 /* Frameworks */,
				417C34272376566800CFB746 /* Resources */,
				23C40DF4EAE5913424958E81 /* [CP] Embed Pods Frameworks */,
				39D44B6A4A7BEE90C8328E4F /* [CP] Copy Pods Resources */,
			);
			buildRules = (
			);
			dependencies = (
			);
			name = "NewYork Time Demo";
			productName = "NewYork Time Demo";
			productReference = 417C34292376566800CFB746 /* NewYork Time Demo.app */;
			productType = "com.apple.product-type.application";
		};
/* End PBXNativeTarget section */

/* Begin PBXProject section */
		417C34212376566800CFB746 /* Project object */ = {
			isa = PBXProject;
			attributes = {
				LastSwiftUpdateCheck = 1030;
				LastUpgradeCheck = 1030;
				ORGANIZATIONNAME = "RAKESH BISWAL";
				TargetAttributes = {
					417C34282376566800CFB746 = {
						CreatedOnToolsVersion = 10.3;
						LastSwiftMigration = 1030;
					};
				};
			};
			buildConfigurationList = 417C34242376566800CFB746 /* Build configuration list for PBXProject "NewYork Time Demo" */;
			compatibilityVersion = "Xcode 9.3";
			developmentRegion = en;
			hasScannedForEncodings = 0;
			knownRegions = (
				en,
				Base,
			);
			mainGroup = 417C34202376566800CFB746;
			productRefGroup = 417C342A2376566800CFB746 /* Products */;
			projectDirPath = "";
			projectRoot = "";
			targets = (
				417C34282376566800CFB746 /* NewYork Time Demo */,
			);
		};
/* End PBXProject section */

/* Begin PBXResourcesBuildPhase section */
		417C34272376566800CFB746 /* Resources */ = {
			isa = PBXResourcesBuildPhase;
			buildActionMask = 2147483647;
			files = (
				41B598C4237685B30017DB3D /* ArticleTableViewCell.xib in Resources */,
				417C34372376566A00CFB746 /* LaunchScreen.storyboard in Resources */,
				417C34342376566A00CFB746 /* Assets.xcassets in Resources */,
				417C34322376566800CFB746 /* Main.storyboard in Resources */,
			);
			runOnlyForDeploymentPostprocessing = 0;
		};
/* End PBXResourcesBuildPhase section */

/* Begin PBXShellScriptBuildPhase section */
		23C40DF4EAE5913424958E81 /* [CP] Embed Pods Frameworks */ = {
			isa = PBXShellScriptBuildPhase;
			buildActionMask = 2147483647;
			files = (
			);
			inputPaths = (
				"${SRCROOT}/Pods/Target Support Files/Pods-NewYork Time Demo/Pods-NewYork Time Demo-frameworks.sh",
				"${BUILT_PRODUCTS_DIR}/Alamofire/Alamofire.framework",
				"${BUILT_PRODUCTS_DIR}/Kingfisher/Kingfisher.framework",
				"${BUILT_PRODUCTS_DIR}/Moya/Moya.framework",
				"${BUILT_PRODUCTS_DIR}/Result/Result.framework",
			);
			name = "[CP] Embed Pods Frameworks";
			outputPaths = (
				"${TARGET_BUILD_DIR}/${FRAMEWORKS_FOLDER_PATH}/Alamofire.framework",
				"${TARGET_BUILD_DIR}/${FRAMEWORKS_FOLDER_PATH}/Kingfisher.framework",
				"${TARGET_BUILD_DIR}/${FRAMEWORKS_FOLDER_PATH}/Moya.framework",
				"${TARGET_BUILD_DIR}/${FRAMEWORKS_FOLDER_PATH}/Result.framework",
			);
			runOnlyForDeploymentPostprocessing = 0;
			shellPath = /bin/sh;
			shellScript = "\"${SRCROOT}/Pods/Target Support Files/Pods-NewYork Time Demo/Pods-NewYork Time Demo-frameworks.sh\"\n";
			showEnvVarsInLog = 0;
		};
		2D66E0481AEF8EA674E1FFE2 /* [CP] Check Pods Manifest.lock */ = {
			isa = PBXShellScriptBuildPhase;
			buildActionMask = 2147483647;
			files = (
			);
			inputPaths = (
				"${PODS_PODFILE_DIR_PATH}/Podfile.lock",
				"${PODS_ROOT}/Manifest.lock",
			);
			name = "[CP] Check Pods Manifest.lock";
			outputPaths = (
				"$(DERIVED_FILE_DIR)/Pods-NewYork Time Demo-checkManifestLockResult.txt",
			);
			runOnlyForDeploymentPostprocessing = 0;
			shellPath = /bin/sh;
			shellScript = "diff \"${PODS_PODFILE_DIR_PATH}/Podfile.lock\" \"${PODS_ROOT}/Manifest.lock\" > /dev/null\nif [ $? != 0 ] ; then\n    # print error to STDERR\n    echo \"error: The sandbox is not in sync with the Podfile.lock. Run 'pod install' or update your CocoaPods installation.\" >&2\n    exit 1\nfi\n# This output is used by Xcode 'outputs' to avoid re-running this script phase.\necho \"SUCCESS\" > \"${SCRIPT_OUTPUT_FILE_0}\"\n";
			showEnvVarsInLog = 0;
		};
		39D44B6A4A7BEE90C8328E4F /* [CP] Copy Pods Resources */ = {
			isa = PBXShellScriptBuildPhase;
			buildActionMask = 2147483647;
			files = (
			);
			inputPaths = (
			);
			name = "[CP] Copy Pods Resources";
			outputPaths = (
			);
			runOnlyForDeploymentPostprocessing = 0;
			shellPath = /bin/sh;
			shellScript = "\"${SRCROOT}/Pods/Target Support Files/Pods-NewYork Time Demo/Pods-NewYork Time Demo-resources.sh\"\n";
			showEnvVarsInLog = 0;
		};
/* End PBXShellScriptBuildPhase section */

/* Begin PBXSourcesBuildPhase section */
		417C34252376566800CFB746 /* Sources */ = {
			isa = PBXSourcesBuildPhase;
			buildActionMask = 2147483647;
			files = (
				41B598C02376845E0017DB3D /* Article.swift in Sources */,
				417C3444237678C700CFB746 /* Constants.swift in Sources */,
				41B598CA23768E5A0017DB3D /* ArticleDetailsViewController.swift in Sources */,
				41B598C923768E5A0017DB3D /* ArticlesMasterViewController.swift in Sources */,
				417C342D2376566800CFB746 /* AppDelegate.swift in Sources */,
				41B598C3237685B30017DB3D /* ArticleTableViewCell.swift in Sources */,
				417C3443237678C700CFB746 /* MostPopularArticlesApi.swift in Sources */,
				41B598C6237685CA0017DB3D /* ArticleViewModel.swift in Sources */,
				417C3445237678C700CFB746 /* ApiManager.swift in Sources */,
				41B598D02376A9880017DB3D /* Extensions.swift in Sources */,
			);
			runOnlyForDeploymentPostprocessing = 0;
		};
/* End PBXSourcesBuildPhase section */

/* Begin PBXVariantGroup section */
		417C34302376566800CFB746 /* Main.storyboard */ = {
			isa = PBXVariantGroup;
			children = (
				417C34312376566800CFB746 /* Base */,
			);
			name = Main.storyboard;
			sourceTree = "<group>";
		};
		417C34352376566A00CFB746 /* LaunchScreen.storyboard */ = {
			isa = PBXVariantGroup;
			children = (
				417C34362376566A00CFB746 /* Base */,
			);
			name = LaunchScreen.storyboard;
			sourceTree = "<group>";
		};
/* End PBXVariantGroup section */

/* Begin XCBuildConfiguration section */
		417C34392376566A00CFB746 /* Debug */ = {
			isa = XCBuildConfiguration;
			buildSettings = {
				ALWAYS_SEARCH_USER_PATHS = NO;
				CLANG_ANALYZER_NONNULL = YES;
				CLANG_ANALYZER_NUMBER_OBJECT_CONVERSION = YES_AGGRESSIVE;
				CLANG_CXX_LANGUAGE_STANDARD = "gnu++14";
				CLANG_CXX_LIBRARY = "libc++";
				CLANG_ENABLE_MODULES = YES;
				CLANG_ENABLE_OBJC_ARC = YES;
				CLANG_ENABLE_OBJC_WEAK = YES;
				CLANG_WARN_BLOCK_CAPTURE_AUTORELEASING = YES;
				CLANG_WARN_BOOL_CONVERSION = YES;
				CLANG_WARN_COMMA = YES;
				CLANG_WARN_CONSTANT_CONVERSION = YES;
				CLANG_WARN_DEPRECATED_OBJC_IMPLEMENTATIONS = YES;
				CLANG_WARN_DIRECT_OBJC_ISA_USAGE = YES_ERROR;
				CLANG_WARN_DOCUMENTATION_COMMENTS = YES;
				CLANG_WARN_EMPTY_BODY = YES;
				CLANG_WARN_ENUM_CONVERSION = YES;
				CLANG_WARN_INFINITE_RECURSION = YES;
				CLANG_WARN_INT_CONVERSION = YES;
				CLANG_WARN_NON_LITERAL_NULL_CONVERSION = YES;
				CLANG_WARN_OBJC_IMPLICIT_RETAIN_SELF = YES;
				CLANG_WARN_OBJC_LITERAL_CONVERSION = YES;
				CLANG_WARN_OBJC_ROOT_CLASS = YES_ERROR;
				CLANG_WARN_RANGE_LOOP_ANALYSIS = YES;
				CLANG_WARN_STRICT_PROTOTYPES = YES;
				CLANG_WARN_SUSPICIOUS_MOVE = YES;
				CLANG_WARN_UNGUARDED_AVAILABILITY = YES_AGGRESSIVE;
				CLANG_WARN_UNREACHABLE_CODE = YES;
				CLANG_WARN__DUPLICATE_METHOD_MATCH = YES;
				CODE_SIGN_IDENTITY = "iPhone Developer";
				COPY_PHASE_STRIP = NO;
				DEBUG_INFORMATION_FORMAT = dwarf;
				ENABLE_STRICT_OBJC_MSGSEND = YES;
				ENABLE_TESTABILITY = YES;
				GCC_C_LANGUAGE_STANDARD = gnu11;
				GCC_DYNAMIC_NO_PIC = NO;
				GCC_NO_COMMON_BLOCKS = YES;
				GCC_OPTIMIZATION_LEVEL = 0;
				GCC_PREPROCESSOR_DEFINITIONS = (
					"DEBUG=1",
					"$(inherited)",
				);
				GCC_WARN_64_TO_32_BIT_CONVERSION = YES;
				GCC_WARN_ABOUT_RETURN_TYPE = YES_ERROR;
				GCC_WARN_UNDECLARED_SELECTOR = YES;
				GCC_WARN_UNINITIALIZED_AUTOS = YES_AGGRESSIVE;
				GCC_WARN_UNUSED_FUNCTION = YES;
				GCC_WARN_UNUSED_VARIABLE = YES;
				IPHONEOS_DEPLOYMENT_TARGET = 12.4;
				MTL_ENABLE_DEBUG_INFO = INCLUDE_SOURCE;
				MTL_FAST_MATH = YES;
				ONLY_ACTIVE_ARCH = YES;
				SDKROOT = iphoneos;
				SWIFT_ACTIVE_COMPILATION_CONDITIONS = DEBUG;
				SWIFT_OPTIMIZATION_LEVEL = "-Onone";
			};
			name = Debug;
		};
		417C343A2376566A00CFB746 /* Release */ = {
			isa = XCBuildConfiguration;
			buildSettings = {
				ALWAYS_SEARCH_USER_PATHS = NO;
				CLANG_ANALYZER_NONNULL = YES;
				CLANG_ANALYZER_NUMBER_OBJECT_CONVERSION = YES_AGGRESSIVE;
				CLANG_CXX_LANGUAGE_STANDARD = "gnu++14";
				CLANG_CXX_LIBRARY = "libc++";
				CLANG_ENABLE_MODULES = YES;
				CLANG_ENABLE_OBJC_ARC = YES;
				CLANG_ENABLE_OBJC_WEAK = YES;
				CLANG_WARN_BLOCK_CAPTURE_AUTORELEASING = YES;
				CLANG_WARN_BOOL_CONVERSION = YES;
				CLANG_WARN_COMMA = YES;
				CLANG_WARN_CONSTANT_CONVERSION = YES;
				CLANG_WARN_DEPRECATED_OBJC_IMPLEMENTATIONS = YES;
				CLANG_WARN_DIRECT_OBJC_ISA_USAGE = YES_ERROR;
				CLANG_WARN_DOCUMENTATION_COMMENTS = YES;
				CLANG_WARN_EMPTY_BODY = YES;
				CLANG_WARN_ENUM_CONVERSION = YES;
				CLANG_WARN_INFINITE_RECURSION = YES;
				CLANG_WARN_INT_CONVERSION = YES;
				CLANG_WARN_NON_LITERAL_NULL_CONVERSION = YES;
				CLANG_WARN_OBJC_IMPLICIT_RETAIN_SELF = YES;
				CLANG_WARN_OBJC_LITERAL_CONVERSION = YES;
				CLANG_WARN_OBJC_ROOT_CLASS = YES_ERROR;
				CLANG_WARN_RANGE_LOOP_ANALYSIS = YES;
				CLANG_WARN_STRICT_PROTOTYPES = YES;
				CLANG_WARN_SUSPICIOUS_MOVE = YES;
				CLANG_WARN_UNGUARDED_AVAILABILITY = YES_AGGRESSIVE;
				CLANG_WARN_UNREACHABLE_CODE = YES;
				CLANG_WARN__DUPLICATE_METHOD_MATCH = YES;
				CODE_SIGN_IDENTITY = "iPhone Developer";
				COPY_PHASE_STRIP = NO;
				DEBUG_INFORMATION_FORMAT = "dwarf-with-dsym";
				ENABLE_NS_ASSERTIONS = NO;
				ENABLE_STRICT_OBJC_MSGSEND = YES;
				GCC_C_LANGUAGE_STANDARD = gnu11;
				GCC_NO_COMMON_BLOCKS = YES;
				GCC_WARN_64_TO_32_BIT_CONVERSION = YES;
				GCC_WARN_ABOUT_RETURN_TYPE = YES_ERROR;
				GCC_WARN_UNDECLARED_SELECTOR = YES;
				GCC_WARN_UNINITIALIZED_AUTOS = YES_AGGRESSIVE;
				GCC_WARN_UNUSED_FUNCTION = YES;
				GCC_WARN_UNUSED_VARIABLE = YES;
				IPHONEOS_DEPLOYMENT_TARGET = 12.4;
				MTL_ENABLE_DEBUG_INFO = NO;
				MTL_FAST_MATH = YES;
				SDKROOT = iphoneos;
				SWIFT_COMPILATION_MODE = wholemodule;
				SWIFT_OPTIMIZATION_LEVEL = "-O";
				VALIDATE_PRODUCT = YES;
			};
			name = Release;
		};
		417C343C2376566A00CFB746 /* Debug */ = {
			isa = XCBuildConfiguration;
			baseConfigurationReference = 98F979907613D5EDC58DA76B /* Pods-NewYork Time Demo.debug.xcconfig */;
			buildSettings = {
				ASSETCATALOG_COMPILER_APPICON_NAME = AppIcon;
				CLANG_ENABLE_MODULES = YES;
				CODE_SIGN_STYLE = Automatic;
				INFOPLIST_FILE = "NewYork Time Demo/Info.plist";
				LD_RUNPATH_SEARCH_PATHS = (
					"$(inherited)",
					"@executable_path/Frameworks",
				);
				PRODUCT_BUNDLE_IDENTIFIER = "rakesh.com..NewYork-Time-Demo";
				PRODUCT_NAME = "$(TARGET_NAME)";
				SWIFT_OBJC_BRIDGING_HEADER = "NewYork Time Demo/NewYork Time Demo-Bridging-Header.h";
				SWIFT_OPTIMIZATION_LEVEL = "-Onone";
				SWIFT_VERSION = 5.0;
				TARGETED_DEVICE_FAMILY = "1,2";
			};
			name = Debug;
		};
		417C343D2376566A00CFB746 /* Release */ = {
			isa = XCBuildConfiguration;
			baseConfigurationReference = FD8EB3D66645620691872E55 /* Pods-NewYork Time Demo.release.xcconfig */;
			buildSettings = {
				ASSETCATALOG_COMPILER_APPICON_NAME = AppIcon;
				CLANG_ENABLE_MODULES = YES;
				CODE_SIGN_STYLE = Automatic;
				INFOPLIST_FILE = "NewYork Time Demo/Info.plist";
				LD_RUNPATH_SEARCH_PATHS = (
					"$(inherited)",
					"@executable_path/Frameworks",
				);
				PRODUCT_BUNDLE_IDENTIFIER = "rakesh.com..NewYork-Time-Demo";
				PRODUCT_NAME = "$(TARGET_NAME)";
				SWIFT_OBJC_BRIDGING_HEADER = "NewYork Time Demo/NewYork Time Demo-Bridging-Header.h";
				SWIFT_VERSION = 5.0;
				TARGETED_DEVICE_FAMILY = "1,2";
			};
			name = Release;
		};
/* End XCBuildConfiguration section */

/* Begin XCConfigurationList section */
		417C34242376566800CFB746 /* Build configuration list for PBXProject "NewYork Time Demo" */ = {
			isa = XCConfigurationList;
			buildConfigurations = (
				417C34392376566A00CFB746 /* Debug */,
				417C343A2376566A00CFB746 /* Release */,
			);
			defaultConfigurationIsVisible = 0;
			defaultConfigurationName = Release;
		};
		417C343B2376566A00CFB746 /* Build configuration list for PBXNativeTarget "NewYork Time Demo" */ = {
			isa = XCConfigurationList;
			buildConfigurations = (
				417C343C2376566A00CFB746 /* Debug */,
				417C343D2376566A00CFB746 /* Release */,
			);
			defaultConfigurationIsVisible = 0;
			defaultConfigurationName = Release;
		};
/* End XCConfigurationList section */
	};
	rootObject = 417C34212376566800CFB746 /* Project object */;
}
